
Microsoft Visual Studio Solution File, Format Version 12.00
# Visual Studio 15
VisualStudioVersion = 15.0.26124.0
MinimumVisualStudioVersion = 15.0.26124.0
Project("{FAE04EC0-301F-11D3-BF4B-00C04F79EFBC}") = "Restaurants.Domain.Core", "Restaurants.Domain.Core\Restaurants.Domain.Core.csproj", "{5C6CD256-43F5-4A92-B6B0-8A6D5A69B263}"
EndProject
Project("{FAE04EC0-301F-11D3-BF4B-00C04F79EFBC}") = "Restaurants.Domain", "Restaurants.Domain\Restaurants.Domain.csproj", "{2BD2A12A-4E52-4C85-8009-2AA7AEE832AE}"
EndProject
Project("{FAE04EC0-301F-11D3-BF4B-00C04F79EFBC}") = "Restaurants.Data", "Restaurants.Data\Restaurants.Data.csproj", "{46C88E36-9437-4264-8083-B85DC798285F}"
EndProject
Project("{FAE04EC0-301F-11D3-BF4B-00C04F79EFBC}") = "Restaurants.Infra.Crosscutting", "Restaurants.Infra.Crosscutting\Restaurants.Infra.Crosscutting.csproj", "{C5F7D821-AD09-4DA4-A0A2-1A7ECD4F6ACF}"
EndProject
Project("{FAE04EC0-301F-11D3-BF4B-00C04F79EFBC}") = "Restaurants.Api", "Restaurants.Api\Restaurants.Api.csproj", "{60D577D0-AA28-46A2-8C34-DA9E619419DD}"
EndProject
Project("{FAE04EC0-301F-11D3-BF4B-00C04F79EFBC}") = "Restaurants.Application", "Restaurants.Application\Restaurants.Application.csproj", "{82EEC3DA-3EA3-4622-A5FF-4A5E2335F342}"
EndProject
Global
	GlobalSection(SolutionConfigurationPlatforms) = preSolution
		Debug|Any CPU = Debug|Any CPU
		Debug|x64 = Debug|x64
		Debug|x86 = Debug|x86
		Release|Any CPU = Release|Any CPU
		Release|x64 = Release|x64
		Release|x86 = Release|x86
	EndGlobalSection
	GlobalSection(SolutionProperties) = preSolution
		HideSolutionNode = FALSE
	EndGlobalSection
	GlobalSection(ProjectConfigurationPlatforms) = postSolution
		{5C6CD256-43F5-4A92-B6B0-8A6D5A69B263}.Debug|Any CPU.ActiveCfg = Debug|Any CPU
		{5C6CD256-43F5-4A92-B6B0-8A6D5A69B263}.Debug|Any CPU.Build.0 = Debug|Any CPU
		{5C6CD256-43F5-4A92-B6B0-8A6D5A69B263}.Debug|x64.ActiveCfg = Debug|Any CPU
		{5C6CD256-43F5-4A92-B6B0-8A6D5A69B263}.Debug|x64.Build.0 = Debug|Any CPU
		{5C6CD256-43F5-4A92-B6B0-8A6D5A69B263}.Debug|x86.ActiveCfg = Debug|Any CPU
		{5C6CD256-43F5-4A92-B6B0-8A6D5A69B263}.Debug|x86.Build.0 = Debug|Any CPU
		{5C6CD256-43F5-4A92-B6B0-8A6D5A69B263}.Release|Any CPU.ActiveCfg = Release|Any CPU
		{5C6CD256-43F5-4A92-B6B0-8A6D5A69B263}.Release|Any CPU.Build.0 = Release|Any CPU
		{5C6CD256-43F5-4A92-B6B0-8A6D5A69B263}.Release|x64.ActiveCfg = Release|Any CPU
		{5C6CD256-43F5-4A92-B6B0-8A6D5A69B263}.Release|x64.Build.0 = Release|Any CPU
		{5C6CD256-43F5-4A92-B6B0-8A6D5A69B263}.Release|x86.ActiveCfg = Release|Any CPU
		{5C6CD256-43F5-4A92-B6B0-8A6D5A69B263}.Release|x86.Build.0 = Release|Any CPU
		{2BD2A12A-4E52-4C85-8009-2AA7AEE832AE}.Debug|Any CPU.ActiveCfg = Debug|Any CPU
		{2BD2A12A-4E52-4C85-8009-2AA7AEE832AE}.Debug|Any CPU.Build.0 = Debug|Any CPU
		{2BD2A12A-4E52-4C85-8009-2AA7AEE832AE}.Debug|x64.ActiveCfg = Debug|Any CPU
		{2BD2A12A-4E52-4C85-8009-2AA7AEE832AE}.Debug|x64.Build.0 = Debug|Any CPU
		{2BD2A12A-4E52-4C85-8009-2AA7AEE832AE}.Debug|x86.ActiveCfg = Debug|Any CPU
		{2BD2A12A-4E52-4C85-8009-2AA7AEE832AE}.Debug|x86.Build.0 = Debug|Any CPU
		{2BD2A12A-4E52-4C85-8009-2AA7AEE832AE}.Release|Any CPU.ActiveCfg = Release|Any CPU
		{2BD2A12A-4E52-4C85-8009-2AA7AEE832AE}.Release|Any CPU.Build.0 = Release|Any CPU
		{2BD2A12A-4E52-4C85-8009-2AA7AEE832AE}.Release|x64.ActiveCfg = Release|Any CPU
		{2BD2A12A-4E52-4C85-8009-2AA7AEE832AE}.Release|x64.Build.0 = Release|Any CPU
		{2BD2A12A-4E52-4C85-8009-2AA7AEE832AE}.Release|x86.ActiveCfg = Release|Any CPU
		{2BD2A12A-4E52-4C85-8009-2AA7AEE832AE}.Release|x86.Build.0 = Release|Any CPU
		{46C88E36-9437-4264-8083-B85DC798285F}.Debug|Any CPU.ActiveCfg = Debug|Any CPU
		{46C88E36-9437-4264-8083-B85DC798285F}.Debug|Any CPU.Build.0 = Debug|Any CPU
		{46C88E36-9437-4264-8083-B85DC798285F}.Debug|x64.ActiveCfg = Debug|Any CPU
		{46C88E36-9437-4264-8083-B85DC798285F}.Debug|x64.Build.0 = Debug|Any CPU
		{46C88E36-9437-4264-8083-B85DC798285F}.Debug|x86.ActiveCfg = Debug|Any CPU
		{46C88E36-9437-4264-8083-B85DC798285F}.Debug|x86.Build.0 = Debug|Any CPU
		{46C88E36-9437-4264-8083-B85DC798285F}.Release|Any CPU.ActiveCfg = Release|Any CPU
		{46C88E36-9437-4264-8083-B85DC798285F}.Release|Any CPU.Build.0 = Release|Any CPU
		{46C88E36-9437-4264-8083-B85DC798285F}.Release|x64.ActiveCfg = Release|Any CPU
		{46C88E36-9437-4264-8083-B85DC798285F}.Release|x64.Build.0 = Release|Any CPU
		{46C88E36-9437-4264-8083-B85DC798285F}.Release|x86.ActiveCfg = Release|Any CPU
		{46C88E36-9437-4264-8083-B85DC798285F}.Release|x86.Build.0 = Release|Any CPU
		{C5F7D821-AD09-4DA4-A0A2-1A7ECD4F6ACF}.Debug|Any CPU.ActiveCfg = Debug|Any CPU
		{C5F7D821-AD09-4DA4-A0A2-1A7ECD4F6ACF}.Debug|Any CPU.Build.0 = Debug|Any CPU
		{C5F7D821-AD09-4DA4-A0A2-1A7ECD4F6ACF}.Debug|x64.ActiveCfg = Debug|Any CPU
		{C5F7D821-AD09-4DA4-A0A2-1A7ECD4F6ACF}.Debug|x64.Build.0 = Debug|Any CPU
		{C5F7D821-AD09-4DA4-A0A2-1A7ECD4F6ACF}.Debug|x86.ActiveCfg = Debug|Any CPU
		{C5F7D821-AD09-4DA4-A0A2-1A7ECD4F6ACF}.Debug|x86.Build.0 = Debug|Any CPU
		{C5F7D821-AD09-4DA4-A0A2-1A7ECD4F6ACF}.Release|Any CPU.ActiveCfg = Release|Any CPU
		{C5F7D821-AD09-4DA4-A0A2-1A7ECD4F6ACF}.Release|Any CPU.Build.0 = Release|Any CPU
		{C5F7D821-AD09-4DA4-A0A2-1A7ECD4F6ACF}.Release|x64.ActiveCfg = Release|Any CPU
		{C5F7D821-AD09-4DA4-A0A2-1A7ECD4F6ACF}.Release|x64.Build.0 = Release|Any CPU
		{C5F7D821-AD09-4DA4-A0A2-1A7ECD4F6ACF}.Release|x86.ActiveCfg = Release|Any CPU
		{C5F7D821-AD09-4DA4-A0A2-1A7ECD4F6ACF}.Release|x86.Build.0 = Release|Any CPU
		{60D577D0-AA28-46A2-8C34-DA9E619419DD}.Debug|Any CPU.ActiveCfg = Debug|Any CPU
		{60D577D0-AA28-46A2-8C34-DA9E619419DD}.Debug|Any CPU.Build.0 = Debug|Any CPU
		{60D577D0-AA28-46A2-8C34-DA9E619419DD}.Debug|x64.ActiveCfg = Debug|Any CPU
		{60D577D0-AA28-46A2-8C34-DA9E619419DD}.Debug|x64.Build.0 = Debug|Any CPU
		{60D577D0-AA28-46A2-8C34-DA9E619419DD}.Debug|x86.ActiveCfg = Debug|Any CPU
		{60D577D0-AA28-46A2-8C34-DA9E619419DD}.Debug|x86.Build.0 = Debug|Any CPU
		{60D577D0-AA28-46A2-8C34-DA9E619419DD}.Release|Any CPU.ActiveCfg = Release|Any CPU
		{60D577D0-AA28-46A2-8C34-DA9E619419DD}.Release|Any CPU.Build.0 = Release|Any CPU
		{60D577D0-AA28-46A2-8C34-DA9E619419DD}.Release|x64.ActiveCfg = Release|Any CPU
		{60D577D0-AA28-46A2-8C34-DA9E619419DD}.Release|x64.Build.0 = Release|Any CPU
		{60D577D0-AA28-46A2-8C34-DA9E619419DD}.Release|x86.ActiveCfg = Release|Any CPU
		{60D577D0-AA28-46A2-8C34-DA9E619419DD}.Release|x86.Build.0 = Release|Any CPU
		{82EEC3DA-3EA3-4622-A5FF-4A5E2335F342}.Debug|Any CPU.ActiveCfg = Debug|Any CPU
		{82EEC3DA-3EA3-4622-A5FF-4A5E2335F342}.Debug|Any CPU.Build.0 = Debug|Any CPU
		{82EEC3DA-3EA3-4622-A5FF-4A5E2335F342}.Debug|x64.ActiveCfg = Debug|Any CPU
		{82EEC3DA-3EA3-4622-A5FF-4A5E2335F342}.Debug|x64.Build.0 = Debug|Any CPU
		{82EEC3DA-3EA3-4622-A5FF-4A5E2335F342}.Debug|x86.ActiveCfg = Debug|Any CPU
		{82EEC3DA-3EA3-4622-A5FF-4A5E2335F342}.Debug|x86.Build.0 = Debug|Any CPU
		{82EEC3DA-3EA3-4622-A5FF-4A5E2335F342}.Release|Any CPU.ActiveCfg = Release|Any CPU
		{82EEC3DA-3EA3-4622-A5FF-4A5E2335F342}.Release|Any CPU.Build.0 = Release|Any CPU
		{82EEC3DA-3EA3-4622-A5FF-4A5E2335F342}.Release|x64.ActiveCfg = Release|Any CPU
		{82EEC3DA-3EA3-4622-A5FF-4A5E2335F342}.Release|x64.Build.0 = Release|Any CPU
		{82EEC3DA-3EA3-4622-A5FF-4A5E2335F342}.Release|x86.ActiveCfg = Release|Any CPU
		{82EEC3DA-3EA3-4622-A5FF-4A5E2335F342}.Release|x86.Build.0 = Release|Any CPU
	EndGlobalSection
EndGlobal
